
Microsoft Visual Studio Solution File, Format Version 12.00
# Visual Studio Version 17
VisualStudioVersion = 17.9.34902.65
MinimumVisualStudioVersion = 10.0.40219.1
Project("{8BC9CEB8-8B4A-11D0-8D11-00A0C91BC942}") = "cpp_BinaryTree_traverse", "cpp_BinaryTree_traverse.vcxproj", "{80104050-0F35-4AC4-899D-F482B8F5C937}"
EndProject
Global
	GlobalSection(SolutionConfigurationPlatforms) = preSolution
		Debug|x64 = Debug|x64
		Debug|x86 = Debug|x86
		Release|x64 = Release|x64
		Release|x86 = Release|x86
	EndGlobalSection
	GlobalSection(ProjectConfigurationPlatforms) = postSolution
		{80104050-0F35-4AC4-899D-F482B8F5C937}.Debug|x64.ActiveCfg = Debug|x64
		{80104050-0F35-4AC4-899D-F482B8F5C937}.Debug|x64.Build.0 = Debug|x64
		{80104050-0F35-4AC4-899D-F482B8F5C937}.Debug|x86.ActiveCfg = Debug|Win32
		{80104050-0F35-4AC4-899D-F482B8F5C937}.Debug|x86.Build.0 = Debug|Win32
		{80104050-0F35-4AC4-899D-F482B8F5C937}.Release|x64.ActiveCfg = Release|x64
		{80104050-0F35-4AC4-899D-F482B8F5C937}.Release|x64.Build.0 = Release|x64
		{80104050-0F35-4AC4-899D-F482B8F5C937}.Release|x86.ActiveCfg = Release|Win32
		{80104050-0F35-4AC4-899D-F482B8F5C937}.Release|x86.Build.0 = Release|Win32
	EndGlobalSection
	GlobalSection(SolutionProperties) = preSolution
		HideSolutionNode = FALSE
	EndGlobalSection
	GlobalSection(ExtensibilityGlobals) = postSolution
		SolutionGuid = {E236A6FE-5E92-4D4E-826A-221DBD1043D2}
	EndGlobalSection
EndGlobal
